
Microsoft Visual Studio Solution File, Format Version 12.00
# Visual Studio Version 16
VisualStudioVersion = 16.0.28407.52
MinimumVisualStudioVersion = 15.0.26124.0
Project("{9A19103F-16F7-4668-BE54-9A1E7A4F7556}") = "DAL", "DAL\DAL.csproj", "{4F3F6599-D8D3-475E-9328-6F89AC9825E5}"
EndProject
Project("{9A19103F-16F7-4668-BE54-9A1E7A4F7556}") = "Core", "Core\Core.csproj", "{F8211363-60A6-4F2E-A838-87D3D216B725}"
EndProject
Project("{9A19103F-16F7-4668-BE54-9A1E7A4F7556}") = "Service", "Service\Service.csproj", "{3C33CF2D-5103-44E3-96FB-15FE670C5D22}"
EndProject
Project("{9A19103F-16F7-4668-BE54-9A1E7A4F7556}") = "WebAPI", "WebAPI\WebAPI.csproj", "{05ABC874-5842-4126-A323-4DA3B5627382}"
EndProject
Global
	GlobalSection(SolutionConfigurationPlatforms) = preSolution
		Debug|Any CPU = Debug|Any CPU
		Debug|x64 = Debug|x64
		Debug|x86 = Debug|x86
		Release|Any CPU = Release|Any CPU
		Release|x64 = Release|x64
		Release|x86 = Release|x86
	EndGlobalSection
	GlobalSection(ProjectConfigurationPlatforms) = postSolution
		{4F3F6599-D8D3-475E-9328-6F89AC9825E5}.Debug|Any CPU.ActiveCfg = Debug|Any CPU
		{4F3F6599-D8D3-475E-9328-6F89AC9825E5}.Debug|Any CPU.Build.0 = Debug|Any CPU
		{4F3F6599-D8D3-475E-9328-6F89AC9825E5}.Debug|x64.ActiveCfg = Debug|Any CPU
		{4F3F6599-D8D3-475E-9328-6F89AC9825E5}.Debug|x64.Build.0 = Debug|Any CPU
		{4F3F6599-D8D3-475E-9328-6F89AC9825E5}.Debug|x86.ActiveCfg = Debug|Any CPU
		{4F3F6599-D8D3-475E-9328-6F89AC9825E5}.Debug|x86.Build.0 = Debug|Any CPU
		{4F3F6599-D8D3-475E-9328-6F89AC9825E5}.Release|Any CPU.ActiveCfg = Release|Any CPU
		{4F3F6599-D8D3-475E-9328-6F89AC9825E5}.Release|Any CPU.Build.0 = Release|Any CPU
		{4F3F6599-D8D3-475E-9328-6F89AC9825E5}.Release|x64.ActiveCfg = Release|Any CPU
		{4F3F6599-D8D3-475E-9328-6F89AC9825E5}.Release|x64.Build.0 = Release|Any CPU
		{4F3F6599-D8D3-475E-9328-6F89AC9825E5}.Release|x86.ActiveCfg = Release|Any CPU
		{4F3F6599-D8D3-475E-9328-6F89AC9825E5}.Release|x86.Build.0 = Release|Any CPU
		{F8211363-60A6-4F2E-A838-87D3D216B725}.Debug|Any CPU.ActiveCfg = Debug|Any CPU
		{F8211363-60A6-4F2E-A838-87D3D216B725}.Debug|Any CPU.Build.0 = Debug|Any CPU
		{F8211363-60A6-4F2E-A838-87D3D216B725}.Debug|x64.ActiveCfg = Debug|Any CPU
		{F8211363-60A6-4F2E-A838-87D3D216B725}.Debug|x64.Build.0 = Debug|Any CPU
		{F8211363-60A6-4F2E-A838-87D3D216B725}.Debug|x86.ActiveCfg = Debug|Any CPU
		{F8211363-60A6-4F2E-A838-87D3D216B725}.Debug|x86.Build.0 = Debug|Any CPU
		{F8211363-60A6-4F2E-A838-87D3D216B725}.Release|Any CPU.ActiveCfg = Release|Any CPU
		{F8211363-60A6-4F2E-A838-87D3D216B725}.Release|Any CPU.Build.0 = Release|Any CPU
		{F8211363-60A6-4F2E-A838-87D3D216B725}.Release|x64.ActiveCfg = Release|Any CPU
		{F8211363-60A6-4F2E-A838-87D3D216B725}.Release|x64.Build.0 = Release|Any CPU
		{F8211363-60A6-4F2E-A838-87D3D216B725}.Release|x86.ActiveCfg = Release|Any CPU
		{F8211363-60A6-4F2E-A838-87D3D216B725}.Release|x86.Build.0 = Release|Any CPU
		{3C33CF2D-5103-44E3-96FB-15FE670C5D22}.Debug|Any CPU.ActiveCfg = Debug|Any CPU
		{3C33CF2D-5103-44E3-96FB-15FE670C5D22}.Debug|Any CPU.Build.0 = Debug|Any CPU
		{3C33CF2D-5103-44E3-96FB-15FE670C5D22}.Debug|x64.ActiveCfg = Debug|Any CPU
		{3C33CF2D-5103-44E3-96FB-15FE670C5D22}.Debug|x64.Build.0 = Debug|Any CPU
		{3C33CF2D-5103-44E3-96FB-15FE670C5D22}.Debug|x86.ActiveCfg = Debug|Any CPU
		{3C33CF2D-5103-44E3-96FB-15FE670C5D22}.Debug|x86.Build.0 = Debug|Any CPU
		{3C33CF2D-5103-44E3-96FB-15FE670C5D22}.Release|Any CPU.ActiveCfg = Release|Any CPU
		{3C33CF2D-5103-44E3-96FB-15FE670C5D22}.Release|Any CPU.Build.0 = Release|Any CPU
		{3C33CF2D-5103-44E3-96FB-15FE670C5D22}.Release|x64.ActiveCfg = Release|Any CPU
		{3C33CF2D-5103-44E3-96FB-15FE670C5D22}.Release|x64.Build.0 = Release|Any CPU
		{3C33CF2D-5103-44E3-96FB-15FE670C5D22}.Release|x86.ActiveCfg = Release|Any CPU
		{3C33CF2D-5103-44E3-96FB-15FE670C5D22}.Release|x86.Build.0 = Release|Any CPU
		{05ABC874-5842-4126-A323-4DA3B5627382}.Debug|Any CPU.ActiveCfg = Debug|Any CPU
		{05ABC874-5842-4126-A323-4DA3B5627382}.Debug|Any CPU.Build.0 = Debug|Any CPU
		{05ABC874-5842-4126-A323-4DA3B5627382}.Debug|x64.ActiveCfg = Debug|Any CPU
		{05ABC874-5842-4126-A323-4DA3B5627382}.Debug|x64.Build.0 = Debug|Any CPU
		{05ABC874-5842-4126-A323-4DA3B5627382}.Debug|x86.ActiveCfg = Debug|Any CPU
		{05ABC874-5842-4126-A323-4DA3B5627382}.Debug|x86.Build.0 = Debug|Any CPU
		{05ABC874-5842-4126-A323-4DA3B5627382}.Release|Any CPU.ActiveCfg = Release|Any CPU
		{05ABC874-5842-4126-A323-4DA3B5627382}.Release|Any CPU.Build.0 = Release|Any CPU
		{05ABC874-5842-4126-A323-4DA3B5627382}.Release|x64.ActiveCfg = Release|Any CPU
		{05ABC874-5842-4126-A323-4DA3B5627382}.Release|x64.Build.0 = Release|Any CPU
		{05ABC874-5842-4126-A323-4DA3B5627382}.Release|x86.ActiveCfg = Release|Any CPU
		{05ABC874-5842-4126-A323-4DA3B5627382}.Release|x86.Build.0 = Release|Any CPU
	EndGlobalSection
	GlobalSection(SolutionProperties) = preSolution
		HideSolutionNode = FALSE
	EndGlobalSection
	GlobalSection(ExtensibilityGlobals) = postSolution
		SolutionGuid = {E8AB8C50-0E44-4098-87F7-92D139F4850A}
	EndGlobalSection
EndGlobal
